// !$*UTF8*$!
{
	archiveVersion = 1;
	classes = {
	};
	objectVersion = 56;
	objects = {

/* Begin PBXBuildFile section */
		BC95BF7C2B92846D005A715E /* MapaView.swift in Sources */ = {isa = PBXBuildFile; fileRef = BC95BF7B2B92846D005A715E /* MapaView.swift */; };
		BCC669812B91310C00399C28 /* viagens.json in Resources */ = {isa = PBXBuildFile; fileRef = BCC669802B91310C00399C28 /* viagens.json */; };
		BCC669852B91312100399C28 /* Dados.swift in Sources */ = {isa = PBXBuildFile; fileRef = BCC669832B91312100399C28 /* Dados.swift */; };
		BCC669862B91312100399C28 /* Viagem.swift in Sources */ = {isa = PBXBuildFile; fileRef = BCC669842B91312100399C28 /* Viagem.swift */; };
		BCC669892B91356000399C28 /* HeaderView.swift in Sources */ = {isa = PBXBuildFile; fileRef = BCC669882B91356000399C28 /* HeaderView.swift */; };
		BCC6698B2B91376800399C28 /* CelulaViagemView.swift in Sources */ = {isa = PBXBuildFile; fileRef = BCC6698A2B91376800399C28 /* CelulaViagemView.swift */; };
		BCE4F94B2B8EC284007B5298 /* AluraViagensSwiftUIApp.swift in Sources */ = {isa = PBXBuildFile; fileRef = BCE4F94A2B8EC284007B5298 /* AluraViagensSwiftUIApp.swift */; };
		BCE4F94D2B8EC284007B5298 /* ContentView.swift in Sources */ = {isa = PBXBuildFile; fileRef = BCE4F94C2B8EC284007B5298 /* ContentView.swift */; };
		BCE4F94F2B8EC286007B5298 /* Assets.xcassets in Resources */ = {isa = PBXBuildFile; fileRef = BCE4F94E2B8EC286007B5298 /* Assets.xcassets */; };
		BCE4F9522B8EC286007B5298 /* Preview Assets.xcassets in Resources */ = {isa = PBXBuildFile; fileRef = BCE4F9512B8EC286007B5298 /* Preview Assets.xcassets */; };
/* End PBXBuildFile section */

/* Begin PBXFileReference section */
		BC95BF7B2B92846D005A715E /* MapaView.swift */ = {isa = PBXFileReference; lastKnownFileType = sourcecode.swift; path = MapaView.swift; sourceTree = "<group>"; };
		BCC669802B91310C00399C28 /* viagens.json */ = {isa = PBXFileReference; fileEncoding = 4; lastKnownFileType = text.json; path = viagens.json; sourceTree = "<group>"; };
		BCC669832B91312100399C28 /* Dados.swift */ = {isa = PBXFileReference; fileEncoding = 4; lastKnownFileType = sourcecode.swift; path = Dados.swift; sourceTree = "<group>"; };
		BCC669842B91312100399C28 /* Viagem.swift */ = {isa = PBXFileReference; fileEncoding = 4; lastKnownFileType = sourcecode.swift; path = Viagem.swift; sourceTree = "<group>"; };
		BCC669882B91356000399C28 /* HeaderView.swift */ = {isa = PBXFileReference; lastKnownFileType = sourcecode.swift; path = HeaderView.swift; sourceTree = "<group>"; };
		BCC6698A2B91376800399C28 /* CelulaViagemView.swift */ = {isa = PBXFileReference; lastKnownFileType = sourcecode.swift; path = CelulaViagemView.swift; sourceTree = "<group>"; };
		BCE4F9472B8EC284007B5298 /* AluraViagensSwiftUI.app */ = {isa = PBXFileReference; explicitFileType = wrapper.application; includeInIndex = 0; path = AluraViagensSwiftUI.app; sourceTree = BUILT_PRODUCTS_DIR; };
		BCE4F94A2B8EC284007B5298 /* AluraViagensSwiftUIApp.swift */ = {isa = PBXFileReference; lastKnownFileType = sourcecode.swift; path = AluraViagensSwiftUIApp.swift; sourceTree = "<group>"; };
		BCE4F94C2B8EC284007B5298 /* ContentView.swift */ = {isa = PBXFileReference; lastKnownFileType = sourcecode.swift; path = ContentView.swift; sourceTree = "<group>"; };
		BCE4F94E2B8EC286007B5298 /* Assets.xcassets */ = {isa = PBXFileReference; lastKnownFileType = folder.assetcatalog; path = Assets.xcassets; sourceTree = "<group>"; };
		BCE4F9512B8EC286007B5298 /* Preview Assets.xcassets */ = {isa = PBXFileReference; lastKnownFileType = folder.assetcatalog; path = "Preview Assets.xcassets"; sourceTree = "<group>"; };
/* End PBXFileReference section */

/* Begin PBXFrameworksBuildPhase section */
		BCE4F9442B8EC284007B5298 /* Frameworks */ = {
			isa = PBXFrameworksBuildPhase;
			buildActionMask = 2147483647;
			files = (
			);
			runOnlyForDeploymentPostprocessing = 0;
		};
/* End PBXFrameworksBuildPhase section */

/* Begin PBXGroup section */
		BCC669822B91312100399C28 /* Models */ = {
			isa = PBXGroup;
			children = (
				BCC669832B91312100399C28 /* Dados.swift */,
				BCC669842B91312100399C28 /* Viagem.swift */,
			);
			path = Models;
			sourceTree = "<group>";
		};
		BCC669872B91352D00399C28 /* View */ = {
			isa = PBXGroup;
			children = (
				BCE4F94C2B8EC284007B5298 /* ContentView.swift */,
				BCC669882B91356000399C28 /* HeaderView.swift */,
				BCC6698A2B91376800399C28 /* CelulaViagemView.swift */,
				BC95BF7B2B92846D005A715E /* MapaView.swift */,
			);
			path = View;
			sourceTree = "<group>";
		};
		BCE4F93E2B8EC283007B5298 = {
			isa = PBXGroup;
			children = (
				BCE4F9492B8EC284007B5298 /* AluraViagensSwiftUI */,
				BCE4F9482B8EC284007B5298 /* Products */,
			);
			sourceTree = "<group>";
		};
		BCE4F9482B8EC284007B5298 /* Products */ = {
			isa = PBXGroup;
			children = (
				BCE4F9472B8EC284007B5298 /* AluraViagensSwiftUI.app */,
			);
			name = Products;
			sourceTree = "<group>";
		};
		BCE4F9492B8EC284007B5298 /* AluraViagensSwiftUI */ = {
			isa = PBXGroup;
			children = (
				BCE4F94A2B8EC284007B5298 /* AluraViagensSwiftUIApp.swift */,
				BCC669872B91352D00399C28 /* View */,
				BCC669822B91312100399C28 /* Models */,
				BCC669802B91310C00399C28 /* viagens.json */,
				BCE4F94E2B8EC286007B5298 /* Assets.xcassets */,
				BCE4F9502B8EC286007B5298 /* Preview Content */,
			);
			path = AluraViagensSwiftUI;
			sourceTree = "<group>";
		};
		BCE4F9502B8EC286007B5298 /* Preview Content */ = {
			isa = PBXGroup;
			children = (
				BCE4F9512B8EC286007B5298 /* Preview Assets.xcassets */,
			);
			path = "Preview Content";
			sourceTree = "<group>";
		};
/* End PBXGroup section */

/* Begin PBXNativeTarget section */
		BCE4F9462B8EC284007B5298 /* AluraViagensSwiftUI */ = {
			isa = PBXNativeTarget;
			buildConfigurationList = BCE4F9552B8EC286007B5298 /* Build configuration list for PBXNativeTarget "AluraViagensSwiftUI" */;
			buildPhases = (
				BCE4F9432B8EC284007B5298 /* Sources */,
				BCE4F9442B8EC284007B5298 /* Frameworks */,
				BCE4F9452B8EC284007B5298 /* Resources */,
			);
			buildRules = (
			);
			dependencies = (
			);
			name = AluraViagensSwiftUI;
			productName = AluraViagensSwiftUI;
			productReference = BCE4F9472B8EC284007B5298 /* AluraViagensSwiftUI.app */;
			productType = "com.apple.product-type.application";
		};
/* End PBXNativeTarget section */

/* Begin PBXProject section */
		BCE4F93F2B8EC283007B5298 /* Project object */ = {
			isa = PBXProject;
			attributes = {
				BuildIndependentTargetsInParallel = 1;
				LastSwiftUpdateCheck = 1520;
				LastUpgradeCheck = 1520;
				TargetAttributes = {
					BCE4F9462B8EC284007B5298 = {
						CreatedOnToolsVersion = 15.2;
					};
				};
			};
			buildConfigurationList = BCE4F9422B8EC283007B5298 /* Build configuration list for PBXProject "AluraViagensSwiftUI" */;
			compatibilityVersion = "Xcode 14.0";
			developmentRegion = en;
			hasScannedForEncodings = 0;
			knownRegions = (
				en,
				Base,
			);
			mainGroup = BCE4F93E2B8EC283007B5298;
			productRefGroup = BCE4F9482B8EC284007B5298 /* Products */;
			projectDirPath = "";
			projectRoot = "";
			targets = (
				BCE4F9462B8EC284007B5298 /* AluraViagensSwiftUI */,
			);
		};
/* End PBXProject section */

/* Begin PBXResourcesBuildPhase section */
		BCE4F9452B8EC284007B5298 /* Resources */ = {
			isa = PBXResourcesBuildPhase;
			buildActionMask = 2147483647;
			files = (
				BCE4F9522B8EC286007B5298 /* Preview Assets.xcassets in Resources */,
				BCE4F94F2B8EC286007B5298 /* Assets.xcassets in Resources */,
				BCC669812B91310C00399C28 /* viagens.json in Resources */,
			);
			runOnlyForDeploymentPostprocessing = 0;
		};
/* End PBXResourcesBuildPhase section */

/* Begin PBXSourcesBuildPhase section */
		BCE4F9432B8EC284007B5298 /* Sources */ = {
			isa = PBXSourcesBuildPhase;
			buildActionMask = 2147483647;
			files = (
				BCC669892B91356000399C28 /* HeaderView.swift in Sources */,
				BC95BF7C2B92846D005A715E /* MapaView.swift in Sources */,
				BCC669862B91312100399C28 /* Viagem.swift in Sources */,
				BCE4F94D2B8EC284007B5298 /* ContentView.swift in Sources */,
				BCC669852B91312100399C28 /* Dados.swift in Sources */,
				BCE4F94B2B8EC284007B5298 /* AluraViagensSwiftUIApp.swift in Sources */,
				BCC6698B2B91376800399C28 /* CelulaViagemView.swift in Sources */,
			);
			runOnlyForDeploymentPostprocessing = 0;
		};
/* End PBXSourcesBuildPhase section */

/* Begin XCBuildConfiguration section */
		BCE4F9532B8EC286007B5298 /* Debug */ = {
			isa = XCBuildConfiguration;
			buildSettings = {
				ALWAYS_SEARCH_USER_PATHS = NO;
				ASSETCATALOG_COMPILER_GENERATE_SWIFT_ASSET_SYMBOL_EXTENSIONS = YES;
				CLANG_ANALYZER_NONNULL = YES;
				CLANG_ANALYZER_NUMBER_OBJECT_CONVERSION = YES_AGGRESSIVE;
				CLANG_CXX_LANGUAGE_STANDARD = "gnu++20";
				CLANG_ENABLE_MODULES = YES;
				CLANG_ENABLE_OBJC_ARC = YES;
				CLANG_ENABLE_OBJC_WEAK = YES;
				CLANG_WARN_BLOCK_CAPTURE_AUTORELEASING = YES;
				CLANG_WARN_BOOL_CONVERSION = YES;
				CLANG_WARN_COMMA = YES;
				CLANG_WARN_CONSTANT_CONVERSION = YES;
				CLANG_WARN_DEPRECATED_OBJC_IMPLEMENTATIONS = YES;
				CLANG_WARN_DIRECT_OBJC_ISA_USAGE = YES_ERROR;
				CLANG_WARN_DOCUMENTATION_COMMENTS = YES;
				CLANG_WARN_EMPTY_BODY = YES;
				CLANG_WARN_ENUM_CONVERSION = YES;
				CLANG_WARN_INFINITE_RECURSION = YES;
				CLANG_WARN_INT_CONVERSION = YES;
				CLANG_WARN_NON_LITERAL_NULL_CONVERSION = YES;
				CLANG_WARN_OBJC_IMPLICIT_RETAIN_SELF = YES;
				CLANG_WARN_OBJC_LITERAL_CONVERSION = YES;
				CLANG_WARN_OBJC_ROOT_CLASS = YES_ERROR;
				CLANG_WARN_QUOTED_INCLUDE_IN_FRAMEWORK_HEADER = YES;
				CLANG_WARN_RANGE_LOOP_ANALYSIS = YES;
				CLANG_WARN_STRICT_PROTOTYPES = YES;
				CLANG_WARN_SUSPICIOUS_MOVE = YES;
				CLANG_WARN_UNGUARDED_AVAILABILITY = YES_AGGRESSIVE;
				CLANG_WARN_UNREACHABLE_CODE = YES;
				CLANG_WARN__DUPLICATE_METHOD_MATCH = YES;
				COPY_PHASE_STRIP = NO;
				DEBUG_INFORMATION_FORMAT = dwarf;
				ENABLE_STRICT_OBJC_MSGSEND = YES;
				ENABLE_TESTABILITY = YES;
				ENABLE_USER_SCRIPT_SANDBOXING = YES;
				GCC_C_LANGUAGE_STANDARD = gnu17;
				GCC_DYNAMIC_NO_PIC = NO;
				GCC_NO_COMMON_BLOCKS = YES;
				GCC_OPTIMIZATION_LEVEL = 0;
				GCC_PREPROCESSOR_DEFINITIONS = (
					"DEBUG=1",
					"$(inherited)",
				);
				GCC_WARN_64_TO_32_BIT_CONVERSION = YES;
				GCC_WARN_ABOUT_RETURN_TYPE = YES_ERROR;
				GCC_WARN_UNDECLARED_SELECTOR = YES;
				GCC_WARN_UNINITIALIZED_AUTOS = YES_AGGRESSIVE;
				GCC_WARN_UNUSED_FUNCTION = YES;
				GCC_WARN_UNUSED_VARIABLE = YES;
				IPHONEOS_DEPLOYMENT_TARGET = 17.2;
				LOCALIZATION_PREFERS_STRING_CATALOGS = YES;
				MTL_ENABLE_DEBUG_INFO = INCLUDE_SOURCE;
				MTL_FAST_MATH = YES;
				ONLY_ACTIVE_ARCH = YES;
				SDKROOT = iphoneos;
				SWIFT_ACTIVE_COMPILATION_CONDITIONS = "DEBUG $(inherited)";
				SWIFT_OPTIMIZATION_LEVEL = "-Onone";
			};
			name = Debug;
		};
		BCE4F9542B8EC286007B5298 /* Release */ = {
			isa = XCBuildConfiguration;
			buildSettings = {
				ALWAYS_SEARCH_USER_PATHS = NO;
				ASSETCATALOG_COMPILER_GENERATE_SWIFT_ASSET_SYMBOL_EXTENSIONS = YES;
				CLANG_ANALYZER_NONNULL = YES;
				CLANG_ANALYZER_NUMBER_OBJECT_CONVERSION = YES_AGGRESSIVE;
				CLANG_CXX_LANGUAGE_STANDARD = "gnu++20";
				CLANG_ENABLE_MODULES = YES;
				CLANG_ENABLE_OBJC_ARC = YES;
				CLANG_ENABLE_OBJC_WEAK = YES;
				CLANG_WARN_BLOCK_CAPTURE_AUTORELEASING = YES;
				CLANG_WARN_BOOL_CONVERSION = YES;
				CLANG_WARN_COMMA = YES;
				CLANG_WARN_CONSTANT_CONVERSION = YES;
				CLANG_WARN_DEPRECATED_OBJC_IMPLEMENTATIONS = YES;
				CLANG_WARN_DIRECT_OBJC_ISA_USAGE = YES_ERROR;
				CLANG_WARN_DOCUMENTATION_COMMENTS = YES;
				CLANG_WARN_EMPTY_BODY = YES;
				CLANG_WARN_ENUM_CONVERSION = YES;
				CLANG_WARN_INFINITE_RECURSION = YES;
				CLANG_WARN_INT_CONVERSION = YES;
				CLANG_WARN_NON_LITERAL_NULL_CONVERSION = YES;
				CLANG_WARN_OBJC_IMPLICIT_RETAIN_SELF = YES;
				CLANG_WARN_OBJC_LITERAL_CONVERSION = YES;
				CLANG_WARN_OBJC_ROOT_CLASS = YES_ERROR;
				CLANG_WARN_QUOTED_INCLUDE_IN_FRAMEWORK_HEADER = YES;
				CLANG_WARN_RANGE_LOOP_ANALYSIS = YES;
				CLANG_WARN_STRICT_PROTOTYPES = YES;
				CLANG_WARN_SUSPICIOUS_MOVE = YES;
				CLANG_WARN_UNGUARDED_AVAILABILITY = YES_AGGRESSIVE;
				CLANG_WARN_UNREACHABLE_CODE = YES;
				CLANG_WARN__DUPLICATE_METHOD_MATCH = YES;
				COPY_PHASE_STRIP = NO;
				DEBUG_INFORMATION_FORMAT = "dwarf-with-dsym";
				ENABLE_NS_ASSERTIONS = NO;
				ENABLE_STRICT_OBJC_MSGSEND = YES;
				ENABLE_USER_SCRIPT_SANDBOXING = YES;
				GCC_C_LANGUAGE_STANDARD = gnu17;
				GCC_NO_COMMON_BLOCKS = YES;
				GCC_WARN_64_TO_32_BIT_CONVERSION = YES;
				GCC_WARN_ABOUT_RETURN_TYPE = YES_ERROR;
				GCC_WARN_UNDECLARED_SELECTOR = YES;
				GCC_WARN_UNINITIALIZED_AUTOS = YES_AGGRESSIVE;
				GCC_WARN_UNUSED_FUNCTION = YES;
				GCC_WARN_UNUSED_VARIABLE = YES;
				IPHONEOS_DEPLOYMENT_TARGET = 17.2;
				LOCALIZATION_PREFERS_STRING_CATALOGS = YES;
				MTL_ENABLE_DEBUG_INFO = NO;
				MTL_FAST_MATH = YES;
				SDKROOT = iphoneos;
				SWIFT_COMPILATION_MODE = wholemodule;
				VALIDATE_PRODUCT = YES;
			};
			name = Release;
		};
		BCE4F9562B8EC286007B5298 /* Debug */ = {
			isa = XCBuildConfiguration;
			buildSettings = {
				ASSETCATALOG_COMPILER_APPICON_NAME = AppIcon;
				ASSETCATALOG_COMPILER_GLOBAL_ACCENT_COLOR_NAME = AccentColor;
				CODE_SIGN_STYLE = Automatic;
				CURRENT_PROJECT_VERSION = 1;
				DEVELOPMENT_ASSET_PATHS = "\"AluraViagensSwiftUI/Preview Content\"";
				DEVELOPMENT_TEAM = PW48G2RABM;
				ENABLE_PREVIEWS = YES;
				GENERATE_INFOPLIST_FILE = YES;
				INFOPLIST_KEY_UIApplicationSceneManifest_Generation = YES;
				INFOPLIST_KEY_UIApplicationSupportsIndirectInputEvents = YES;
				INFOPLIST_KEY_UILaunchScreen_Generation = YES;
				INFOPLIST_KEY_UISupportedInterfaceOrientations = UIInterfaceOrientationPortrait;
				INFOPLIST_KEY_UISupportedInterfaceOrientations_iPad = "UIInterfaceOrientationLandscapeLeft UIInterfaceOrientationLandscapeRight UIInterfaceOrientationPortrait UIInterfaceOrientationPortraitUpsideDown";
				IPHONEOS_DEPLOYMENT_TARGET = 17.2;
				LD_RUNPATH_SEARCH_PATHS = (
					"$(inherited)",
					"@executable_path/Frameworks",
				);
				MARKETING_VERSION = 1.0;
				PRODUCT_BUNDLE_IDENTIFIER = com.adrianovalumin.AluraViagensSwiftUI;
				PRODUCT_NAME = "$(TARGET_NAME)";
				SWIFT_EMIT_LOC_STRINGS = YES;
				SWIFT_VERSION = 5.0;
				TARGETED_DEVICE_FAMILY = "1,2";
			};
			name = Debug;
		};
		BCE4F9572B8EC286007B5298 /* Release */ = {
			isa = XCBuildConfiguration;
			buildSettings = {
				ASSETCATALOG_COMPILER_APPICON_NAME = AppIcon;
				ASSETCATALOG_COMPILER_GLOBAL_ACCENT_COLOR_NAME = AccentColor;
				CODE_SIGN_STYLE = Automatic;
				CURRENT_PROJECT_VERSION = 1;
				DEVELOPMENT_ASSET_PATHS = "\"AluraViagensSwiftUI/Preview Content\"";
				DEVELOPMENT_TEAM = PW48G2RABM;
				ENABLE_PREVIEWS = YES;
				GENERATE_INFOPLIST_FILE = YES;
				INFOPLIST_KEY_UIApplicationSceneManifest_Generation = YES;
				INFOPLIST_KEY_UIApplicationSupportsIndirectInputEvents = YES;
				INFOPLIST_KEY_UILaunchScreen_Generation = YES;
				INFOPLIST_KEY_UISupportedInterfaceOrientations = UIInterfaceOrientationPortrait;
				INFOPLIST_KEY_UISupportedInterfaceOrientations_iPad = "UIInterfaceOrientationLandscapeLeft UIInterfaceOrientationLandscapeRight UIInterfaceOrientationPortrait UIInterfaceOrientationPortraitUpsideDown";
				IPHONEOS_DEPLOYMENT_TARGET = 17.2;
				LD_RUNPATH_SEARCH_PATHS = (
					"$(inherited)",
					"@executable_path/Frameworks",
				);
				MARKETING_VERSION = 1.0;
				PRODUCT_BUNDLE_IDENTIFIER = com.adrianovalumin.AluraViagensSwiftUI;
				PRODUCT_NAME = "$(TARGET_NAME)";
				SWIFT_EMIT_LOC_STRINGS = YES;
				SWIFT_VERSION = 5.0;
				TARGETED_DEVICE_FAMILY = "1,2";
			};
			name = Release;
		};
/* End XCBuildConfiguration section */

/* Begin XCConfigurationList section */
		BCE4F9422B8EC283007B5298 /* Build configuration list for PBXProject "AluraViagensSwiftUI" */ = {
			isa = XCConfigurationList;
			buildConfigurations = (
				BCE4F9532B8EC286007B5298 /* Debug */,
				BCE4F9542B8EC286007B5298 /* Release */,
			);
			defaultConfigurationIsVisible = 0;
			defaultConfigurationName = Release;
		};
		BCE4F9552B8EC286007B5298 /* Build configuration list for PBXNativeTarget "AluraViagensSwiftUI" */ = {
			isa = XCConfigurationList;
			buildConfigurations = (
				BCE4F9562B8EC286007B5298 /* Debug */,
				BCE4F9572B8EC286007B5298 /* Release */,
			);
			defaultConfigurationIsVisible = 0;
			defaultConfigurationName = Release;
		};
/* End XCConfigurationList section */
	};
	rootObject = BCE4F93F2B8EC283007B5298 /* Project object */;
}
